
Microsoft Visual Studio Solution File, Format Version 12.00
# Visual Studio Version 17
VisualStudioVersion = 17.8.34322.80
MinimumVisualStudioVersion = 10.0.40219.1
Project("{FAE04EC0-301F-11D3-BF4B-00C04F79EFBC}") = "CapitalFinalDeAhorroPlazoFijo", "CapitalFinalDeAhorroPlazoFijo\CapitalFinalDeAhorroPlazoFijo.csproj", "{D71A35DE-0137-4D42-828E-296D4C98ECF4}"
EndProject
Global
	GlobalSection(SolutionConfigurationPlatforms) = preSolution
		Debug|Any CPU = Debug|Any CPU
		Release|Any CPU = Release|Any CPU
	EndGlobalSection
	GlobalSection(ProjectConfigurationPlatforms) = postSolution
		{D71A35DE-0137-4D42-828E-296D4C98ECF4}.Debug|Any CPU.ActiveCfg = Debug|Any CPU
		{D71A35DE-0137-4D42-828E-296D4C98ECF4}.Debug|Any CPU.Build.0 = Debug|Any CPU
		{D71A35DE-0137-4D42-828E-296D4C98ECF4}.Release|Any CPU.ActiveCfg = Release|Any CPU
		{D71A35DE-0137-4D42-828E-296D4C98ECF4}.Release|Any CPU.Build.0 = Release|Any CPU
	EndGlobalSection
	GlobalSection(SolutionProperties) = preSolution
		HideSolutionNode = FALSE
	EndGlobalSection
	GlobalSection(ExtensibilityGlobals) = postSolution
		SolutionGuid = {E3C7E056-F052-4682-8B03-9EC8F91ECEDC}
	EndGlobalSection
EndGlobal
